
Microsoft Visual Studio Solution File, Format Version 12.00
# Visual Studio Express 2012 for Windows Desktop
Project("{8BC9CEB8-8B4A-11D0-8D11-00A0C91BC942}") = "project", "src\project.vcxproj", "{791ABC2E-5701-47FA-86CE-2DE6E3428DAB}"
EndProject
Global
	GlobalSection(SolutionConfigurationPlatforms) = preSolution
		Debug|Win32 = Debug|Win32
		Release|Win32 = Release|Win32
	EndGlobalSection
	GlobalSection(ProjectConfigurationPlatforms) = postSolution
		{791ABC2E-5701-47FA-86CE-2DE6E3428DAB}.Debug|Win32.ActiveCfg = Debug|Win32
		{791ABC2E-5701-47FA-86CE-2DE6E3428DAB}.Debug|Win32.Build.0 = Debug|Win32
		{791ABC2E-5701-47FA-86CE-2DE6E3428DAB}.Release|Win32.ActiveCfg = Release|Win32
		{791ABC2E-5701-47FA-86CE-2DE6E3428DAB}.Release|Win32.Build.0 = Release|Win32
	EndGlobalSection
	GlobalSection(SolutionProperties) = preSolution
		HideSolutionNode = FALSE
	EndGlobalSection
EndGlobal
